
Microsoft Visual Studio Solution File, Format Version 12.00
# Visual Studio Version 17
VisualStudioVersion = 17.6.33723.286
MinimumVisualStudioVersion = 10.0.40219.1
Project("{FAE04EC0-301F-11D3-BF4B-00C04F79EFBC}") = "FlashmodeRestarter", "FlashmodeRestarter\FlashmodeRestarter.csproj", "{F9E67D69-426C-4131-90B4-578193E48D18}"
EndProject
Global
	GlobalSection(SolutionConfigurationPlatforms) = preSolution
		Debug|Any CPU = Debug|Any CPU
		Release|Any CPU = Release|Any CPU
	EndGlobalSection
	GlobalSection(ProjectConfigurationPlatforms) = postSolution
		{F9E67D69-426C-4131-90B4-578193E48D18}.Debug|Any CPU.ActiveCfg = Debug|Any CPU
		{F9E67D69-426C-4131-90B4-578193E48D18}.Debug|Any CPU.Build.0 = Debug|Any CPU
		{F9E67D69-426C-4131-90B4-578193E48D18}.Release|Any CPU.ActiveCfg = Release|Any CPU
		{F9E67D69-426C-4131-90B4-578193E48D18}.Release|Any CPU.Build.0 = Release|Any CPU
	EndGlobalSection
	GlobalSection(SolutionProperties) = preSolution
		HideSolutionNode = FALSE
	EndGlobalSection
	GlobalSection(ExtensibilityGlobals) = postSolution
		SolutionGuid = {CD09900A-BB66-46E3-9BA1-D739DF473B83}
	EndGlobalSection
EndGlobal
